
Microsoft Visual Studio Solution File, Format Version 12.00
# Visual Studio Version 17
VisualStudioVersion = 17.1.32421.90
MinimumVisualStudioVersion = 10.0.40219.1
Project("{FAE04EC0-301F-11D3-BF4B-00C04F79EFBC}") = "TourFirm", "TourFirm.csproj", "{657A06B6-6F0A-409A-8252-1B79F39A38F8}"
EndProject
Global
	GlobalSection(SolutionConfigurationPlatforms) = preSolution
		Debug|Any CPU = Debug|Any CPU
		Release|Any CPU = Release|Any CPU
	EndGlobalSection
	GlobalSection(ProjectConfigurationPlatforms) = postSolution
		{657A06B6-6F0A-409A-8252-1B79F39A38F8}.Debug|Any CPU.ActiveCfg = Debug|Any CPU
		{657A06B6-6F0A-409A-8252-1B79F39A38F8}.Debug|Any CPU.Build.0 = Debug|Any CPU
		{657A06B6-6F0A-409A-8252-1B79F39A38F8}.Release|Any CPU.ActiveCfg = Release|Any CPU
		{657A06B6-6F0A-409A-8252-1B79F39A38F8}.Release|Any CPU.Build.0 = Release|Any CPU
	EndGlobalSection
	GlobalSection(SolutionProperties) = preSolution
		HideSolutionNode = FALSE
	EndGlobalSection
	GlobalSection(ExtensibilityGlobals) = postSolution
		SolutionGuid = {5E461278-2652-4466-AD37-91CE2FD5DBE3}
	EndGlobalSection
EndGlobal
